Microsoft Visual Studio Solution File, Format Version 12.00
# Visual Studio 15
VisualStudioVersion = 15.0.27428.2043
MinimumVisualStudioVersion = 10.0.40219.1
Project("{8BC9CEB8-8B4A-11D0-8D11-00A0C91BC942}") = "Ã∞≥‘…ﬂ", "Ã∞≥‘…ﬂ.vcxproj", "{83E7428D-363B-4F42-B324-74D7EB3313AA}"
EndProject
Global
	GlobalSection(SolutionConfigurationPlatforms) = preSolution
		Debug|x86 = Debug|x86
		Release|x86 = Release|x86
	EndGlobalSection
	GlobalSection(ProjectConfigurationPlatforms) = postSolution
		{83E7428D-363B-4F42-B324-74D7EB3313AA}.Debug|x86.ActiveCfg = Debug|Win32
		{83E7428D-363B-4F42-B324-74D7EB3313AA}.Debug|x86.Build.0 = Debug|Win32
		{83E7428D-363B-4F42-B324-74D7EB3313AA}.Release|x86.ActiveCfg = Release|Win32
		{83E7428D-363B-4F42-B324-74D7EB3313AA}.Release|x86.Build.0 = Release|Win32
	EndGlobalSection
	GlobalSection(SolutionProperties) = preSolution
		HideSolutionNode = FALSE
	EndGlobalSection
	GlobalSection(ExtensibilityGlobals) = postSolution
		SolutionGuid = {343EDAFF-AD5F-4F29-87D1-06BAE13D5898}
	EndGlobalSection
EndGlobal
