
Microsoft Visual Studio Solution File, Format Version 12.00
# Visual Studio 15
VisualStudioVersion = 15.0.27428.2043
MinimumVisualStudioVersion = 10.0.40219.1
Project("{8BC9CEB8-8B4A-11D0-8D11-00A0C91BC942}") = "TiebaDigger", "TiebaDigger.vcxproj", "{D10495BF-F260-422F-8FC7-A2BA82832297}"
EndProject
Global
	GlobalSection(SolutionConfigurationPlatforms) = preSolution
		Debug|x64 = Debug|x64
		Debug|x86 = Debug|x86
		Release|x64 = Release|x64
		Release|x86 = Release|x86
	EndGlobalSection
	GlobalSection(ProjectConfigurationPlatforms) = postSolution
		{D10495BF-F260-422F-8FC7-A2BA82832297}.Debug|x64.ActiveCfg = Debug|x64
		{D10495BF-F260-422F-8FC7-A2BA82832297}.Debug|x64.Build.0 = Debug|x64
		{D10495BF-F260-422F-8FC7-A2BA82832297}.Debug|x86.ActiveCfg = Debug|Win32
		{D10495BF-F260-422F-8FC7-A2BA82832297}.Debug|x86.Build.0 = Debug|Win32
		{D10495BF-F260-422F-8FC7-A2BA82832297}.Release|x64.ActiveCfg = Release|x64
		{D10495BF-F260-422F-8FC7-A2BA82832297}.Release|x64.Build.0 = Release|x64
		{D10495BF-F260-422F-8FC7-A2BA82832297}.Release|x86.ActiveCfg = Release|Win32
		{D10495BF-F260-422F-8FC7-A2BA82832297}.Release|x86.Build.0 = Release|Win32
	EndGlobalSection
	GlobalSection(SolutionProperties) = preSolution
		HideSolutionNode = FALSE
	EndGlobalSection
	GlobalSection(ExtensibilityGlobals) = postSolution
		SolutionGuid = {0592BF63-FFE5-4942-88BC-EFFD79BA0CAA}
	EndGlobalSection
EndGlobal
