Microsoft Visual Studio Solution File, Format Version 8.00
Project("{8BC9CEB8-8B4A-11D0-8D11-00A0C91BC942}") = "俄罗斯方块", "俄罗斯方块.vcproj", "{C19E7B66-3E52-4064-840C-232EE8FEC623}"
	ProjectSection(ProjectDependencies) = postProject
	EndProjectSection
EndProject
Global
	GlobalSection(SolutionConfiguration) = preSolution
		Debug = Debug
		Release = Release
	EndGlobalSection
	GlobalSection(ProjectConfiguration) = postSolution
		{C19E7B66-3E52-4064-840C-232EE8FEC623}.Debug.ActiveCfg = Debug|Win32
		{C19E7B66-3E52-4064-840C-232EE8FEC623}.Debug.Build.0 = Debug|Win32
		{C19E7B66-3E52-4064-840C-232EE8FEC623}.Release.ActiveCfg = Release|Win32
		{C19E7B66-3E52-4064-840C-232EE8FEC623}.Release.Build.0 = Release|Win32
	EndGlobalSection
	GlobalSection(ExtensibilityGlobals) = postSolution
	EndGlobalSection
	GlobalSection(ExtensibilityAddIns) = postSolution
	EndGlobalSection
EndGlobal
